{
  "name": "@asko/monorepo",
  "version": "0.0.0",
  "lockfileVersion": 3,
  "requires": true,
  "packages": {
    "": {
      "name": "@asko/monorepo",
      "version": "0.0.0",
      "devDependencies": {
        "typescript": "^5.8"
      },
      "engines": {
        "node": ">=20",
        "pnpm": ">=9"
      }
    },
    "node_modules/typescript": {
      "version": "5.9.3",
      "dev": true,
      "license": "Apache-2.0",
      "bin": {
        "tsc": "bin/tsc",
        "tsserver": "bin/tsserver"
      },
      "engines": {
        "node": ">=14.17"
      }
    }
  }
}
